
Microsoft Visual Studio Solution File, Format Version 11.00
# Visual C++ Express 2010
Project("{8BC9CEB8-8B4A-11D0-8D11-00A0C91BC942}") = "Boolean_Equation_Solver", "Boolean_Equation_Solver\Boolean_Equation_Solver.vcxproj", "{7BB0030B-EC95-4765-9C8C-711C982A77D7}"
EndProject
Global
	GlobalSection(SolutionConfigurationPlatforms) = preSolution
		Debug|Win32 = Debug|Win32
		Release|Win32 = Release|Win32
	EndGlobalSection
	GlobalSection(ProjectConfigurationPlatforms) = postSolution
		{7BB0030B-EC95-4765-9C8C-711C982A77D7}.Debug|Win32.ActiveCfg = Debug|Win32
		{7BB0030B-EC95-4765-9C8C-711C982A77D7}.Debug|Win32.Build.0 = Debug|Win32
		{7BB0030B-EC95-4765-9C8C-711C982A77D7}.Release|Win32.ActiveCfg = Release|Win32
		{7BB0030B-EC95-4765-9C8C-711C982A77D7}.Release|Win32.Build.0 = Release|Win32
	EndGlobalSection
	GlobalSection(SolutionProperties) = preSolution
		HideSolutionNode = FALSE
	EndGlobalSection
EndGlobal
